
Microsoft Visual Studio Solution File, Format Version 12.00
# Visual Studio Version 18
VisualStudioVersion = 18.0.11123.170 d18.0
MinimumVisualStudioVersion = 10.0.40219.1
Project("{FAE04EC0-301F-11D3-BF4B-00C04F79EFBC}") = "VotingSystem", "VotingSystem\VotingSystem.csproj", "{2F21E548-5D7F-4DB9-BC11-167EEF510E32}"
EndProject
Global
	GlobalSection(SolutionConfigurationPlatforms) = preSolution
		Debug|Any CPU = Debug|Any CPU
		Release|Any CPU = Release|Any CPU
	EndGlobalSection
	GlobalSection(ProjectConfigurationPlatforms) = postSolution
		{2F21E548-5D7F-4DB9-BC11-167EEF510E32}.Debug|Any CPU.ActiveCfg = Debug|Any CPU
		{2F21E548-5D7F-4DB9-BC11-167EEF510E32}.Debug|Any CPU.Build.0 = Debug|Any CPU
		{2F21E548-5D7F-4DB9-BC11-167EEF510E32}.Release|Any CPU.ActiveCfg = Release|Any CPU
		{2F21E548-5D7F-4DB9-BC11-167EEF510E32}.Release|Any CPU.Build.0 = Release|Any CPU
	EndGlobalSection
	GlobalSection(SolutionProperties) = preSolution
		HideSolutionNode = FALSE
	EndGlobalSection
	GlobalSection(ExtensibilityGlobals) = postSolution
		SolutionGuid = {3E9D2A3E-1EAE-450F-8F9F-9763DA553F8D}
	EndGlobalSection
EndGlobal
